
Microsoft Visual Studio Solution File, Format Version 12.00
# Visual Studio Version 17
VisualStudioVersion = 17.2.32516.85
MinimumVisualStudioVersion = 10.0.40219.1
Project("{9A19103F-16F7-4668-BE54-9A1E7A4F7556}") = "MocaSettings.API", "MOCA\MocaSettings.API.csproj", "{E4AC7BD6-EB11-4C2D-A271-7683C8EDE1A0}"
EndProject
Project("{9A19103F-16F7-4668-BE54-9A1E7A4F7556}") = "MOCA.Core", "MOCA.Core\MOCA.Core.csproj", "{4C20CE89-2451-42CC-AE89-38BA24D703FD}"
EndProject
Project("{9A19103F-16F7-4668-BE54-9A1E7A4F7556}") = "MOCA.Services", "MOCA.Services\MOCA.Services.csproj", "{5E84E442-6972-44E0-89D6-BA80EC3E6421}"
EndProject
Project("{9A19103F-16F7-4668-BE54-9A1E7A4F7556}") = "MOCA.Presistence", "MOCA.Presistence\MOCA.Presistence.csproj", "{82692139-FBF9-4D8C-9037-4772397FE5C0}"
EndProject
Project("{9A19103F-16F7-4668-BE54-9A1E7A4F7556}") = "Events.API", "Events.API\Events.API.csproj", "{C61BB27C-743D-4172-A9D4-C6079D70E194}"
EndProject
Project("{9A19103F-16F7-4668-BE54-9A1E7A4F7556}") = "LocationManagement.API", "LocationManagement.API\LocationManagement.API.csproj", "{596CC5AD-4668-4DC4-B4D1-C047369D98EF}"
EndProject
Project("{FAE04EC0-301F-11D3-BF4B-00C04F79EFBC}") = "MeetingREservation.API", "MeetingREservation.API\MeetingREservation.API.csproj", "{D7751D50-A04C-4FF8-A104-18379B035ED2}"
EndProject
Project("{FAE04EC0-301F-11D3-BF4B-00C04F79EFBC}") = "SSO.API", "SSO.API\SSO.API.csproj", "{BBA61F54-9149-40AC-92AC-12255E716A40}"
EndProject
Global
	GlobalSection(SolutionConfigurationPlatforms) = preSolution
		Debug|Any CPU = Debug|Any CPU
		Release|Any CPU = Release|Any CPU
	EndGlobalSection
	GlobalSection(ProjectConfigurationPlatforms) = postSolution
		{E4AC7BD6-EB11-4C2D-A271-7683C8EDE1A0}.Debug|Any CPU.ActiveCfg = Debug|Any CPU
		{E4AC7BD6-EB11-4C2D-A271-7683C8EDE1A0}.Debug|Any CPU.Build.0 = Debug|Any CPU
		{E4AC7BD6-EB11-4C2D-A271-7683C8EDE1A0}.Release|Any CPU.ActiveCfg = Release|Any CPU
		{E4AC7BD6-EB11-4C2D-A271-7683C8EDE1A0}.Release|Any CPU.Build.0 = Release|Any CPU
		{4C20CE89-2451-42CC-AE89-38BA24D703FD}.Debug|Any CPU.ActiveCfg = Debug|Any CPU
		{4C20CE89-2451-42CC-AE89-38BA24D703FD}.Debug|Any CPU.Build.0 = Debug|Any CPU
		{4C20CE89-2451-42CC-AE89-38BA24D703FD}.Release|Any CPU.ActiveCfg = Release|Any CPU
		{4C20CE89-2451-42CC-AE89-38BA24D703FD}.Release|Any CPU.Build.0 = Release|Any CPU
		{5E84E442-6972-44E0-89D6-BA80EC3E6421}.Debug|Any CPU.ActiveCfg = Debug|Any CPU
		{5E84E442-6972-44E0-89D6-BA80EC3E6421}.Debug|Any CPU.Build.0 = Debug|Any CPU
		{5E84E442-6972-44E0-89D6-BA80EC3E6421}.Release|Any CPU.ActiveCfg = Release|Any CPU
		{5E84E442-6972-44E0-89D6-BA80EC3E6421}.Release|Any CPU.Build.0 = Release|Any CPU
		{82692139-FBF9-4D8C-9037-4772397FE5C0}.Debug|Any CPU.ActiveCfg = Debug|Any CPU
		{82692139-FBF9-4D8C-9037-4772397FE5C0}.Debug|Any CPU.Build.0 = Debug|Any CPU
		{82692139-FBF9-4D8C-9037-4772397FE5C0}.Release|Any CPU.ActiveCfg = Release|Any CPU
		{82692139-FBF9-4D8C-9037-4772397FE5C0}.Release|Any CPU.Build.0 = Release|Any CPU
		{C61BB27C-743D-4172-A9D4-C6079D70E194}.Debug|Any CPU.ActiveCfg = Debug|Any CPU
		{C61BB27C-743D-4172-A9D4-C6079D70E194}.Debug|Any CPU.Build.0 = Debug|Any CPU
		{C61BB27C-743D-4172-A9D4-C6079D70E194}.Release|Any CPU.ActiveCfg = Release|Any CPU
		{C61BB27C-743D-4172-A9D4-C6079D70E194}.Release|Any CPU.Build.0 = Release|Any CPU
		{596CC5AD-4668-4DC4-B4D1-C047369D98EF}.Debug|Any CPU.ActiveCfg = Debug|Any CPU
		{596CC5AD-4668-4DC4-B4D1-C047369D98EF}.Debug|Any CPU.Build.0 = Debug|Any CPU
		{596CC5AD-4668-4DC4-B4D1-C047369D98EF}.Release|Any CPU.ActiveCfg = Release|Any CPU
		{596CC5AD-4668-4DC4-B4D1-C047369D98EF}.Release|Any CPU.Build.0 = Release|Any CPU
		{D7751D50-A04C-4FF8-A104-18379B035ED2}.Debug|Any CPU.ActiveCfg = Debug|Any CPU
		{D7751D50-A04C-4FF8-A104-18379B035ED2}.Debug|Any CPU.Build.0 = Debug|Any CPU
		{D7751D50-A04C-4FF8-A104-18379B035ED2}.Release|Any CPU.ActiveCfg = Release|Any CPU
		{D7751D50-A04C-4FF8-A104-18379B035ED2}.Release|Any CPU.Build.0 = Release|Any CPU
		{BBA61F54-9149-40AC-92AC-12255E716A40}.Debug|Any CPU.ActiveCfg = Debug|Any CPU
		{BBA61F54-9149-40AC-92AC-12255E716A40}.Debug|Any CPU.Build.0 = Debug|Any CPU
		{BBA61F54-9149-40AC-92AC-12255E716A40}.Release|Any CPU.ActiveCfg = Release|Any CPU
		{BBA61F54-9149-40AC-92AC-12255E716A40}.Release|Any CPU.Build.0 = Release|Any CPU

	EndGlobalSection
	GlobalSection(SolutionProperties) = preSolution
		HideSolutionNode = FALSE
	EndGlobalSection
	GlobalSection(ExtensibilityGlobals) = postSolution
		SolutionGuid = {586E8E15-C880-4723-BAA7-1478AA1957A5}
	EndGlobalSection
EndGlobal
